
Microsoft Visual Studio Solution File, Format Version 12.00
# Visual Studio Version 16
VisualStudioVersion = 16.0.30717.126
MinimumVisualStudioVersion = 10.0.40219.1
Project("{8BC9CEB8-8B4A-11D0-8D11-00A0C91BC942}") = "Test_14", "Test_14.vcxproj", "{5156E4E4-9A6F-4F0D-B00E-52E2DC1AE4B9}"
EndProject
Global
	GlobalSection(SolutionConfigurationPlatforms) = preSolution
		Debug|x64 = Debug|x64
		Debug|x86 = Debug|x86
		Release|x64 = Release|x64
		Release|x86 = Release|x86
	EndGlobalSection
	GlobalSection(ProjectConfigurationPlatforms) = postSolution
		{5156E4E4-9A6F-4F0D-B00E-52E2DC1AE4B9}.Debug|x64.ActiveCfg = Debug|x64
		{5156E4E4-9A6F-4F0D-B00E-52E2DC1AE4B9}.Debug|x64.Build.0 = Debug|x64
		{5156E4E4-9A6F-4F0D-B00E-52E2DC1AE4B9}.Debug|x86.ActiveCfg = Debug|Win32
		{5156E4E4-9A6F-4F0D-B00E-52E2DC1AE4B9}.Debug|x86.Build.0 = Debug|Win32
		{5156E4E4-9A6F-4F0D-B00E-52E2DC1AE4B9}.Release|x64.ActiveCfg = Release|x64
		{5156E4E4-9A6F-4F0D-B00E-52E2DC1AE4B9}.Release|x64.Build.0 = Release|x64
		{5156E4E4-9A6F-4F0D-B00E-52E2DC1AE4B9}.Release|x86.ActiveCfg = Release|Win32
		{5156E4E4-9A6F-4F0D-B00E-52E2DC1AE4B9}.Release|x86.Build.0 = Release|Win32
	EndGlobalSection
	GlobalSection(SolutionProperties) = preSolution
		HideSolutionNode = FALSE
	EndGlobalSection
	GlobalSection(ExtensibilityGlobals) = postSolution
		SolutionGuid = {85048FBF-0C9D-46DF-A6FB-E3360B523FC0}
	EndGlobalSection
EndGlobal
