
Microsoft Visual Studio Solution File, Format Version 12.00
# Visual Studio Version 16
VisualStudioVersion = 16.0.30717.126
MinimumVisualStudioVersion = 10.0.40219.1
Project("{8BC9CEB8-8B4A-11D0-8D11-00A0C91BC942}") = "Test_1", "Test_1.vcxproj", "{DB863B7A-8870-43E0-91FA-D47754F51177}"
EndProject
Global
	GlobalSection(SolutionConfigurationPlatforms) = preSolution
		Debug|x64 = Debug|x64
		Debug|x86 = Debug|x86
		Release|x64 = Release|x64
		Release|x86 = Release|x86
	EndGlobalSection
	GlobalSection(ProjectConfigurationPlatforms) = postSolution
		{DB863B7A-8870-43E0-91FA-D47754F51177}.Debug|x64.ActiveCfg = Debug|x64
		{DB863B7A-8870-43E0-91FA-D47754F51177}.Debug|x64.Build.0 = Debug|x64
		{DB863B7A-8870-43E0-91FA-D47754F51177}.Debug|x86.ActiveCfg = Debug|Win32
		{DB863B7A-8870-43E0-91FA-D47754F51177}.Debug|x86.Build.0 = Debug|Win32
		{DB863B7A-8870-43E0-91FA-D47754F51177}.Release|x64.ActiveCfg = Release|x64
		{DB863B7A-8870-43E0-91FA-D47754F51177}.Release|x64.Build.0 = Release|x64
		{DB863B7A-8870-43E0-91FA-D47754F51177}.Release|x86.ActiveCfg = Release|Win32
		{DB863B7A-8870-43E0-91FA-D47754F51177}.Release|x86.Build.0 = Release|Win32
	EndGlobalSection
	GlobalSection(SolutionProperties) = preSolution
		HideSolutionNode = FALSE
	EndGlobalSection
	GlobalSection(ExtensibilityGlobals) = postSolution
		SolutionGuid = {118C4CE7-A324-43A1-ADB7-3672A24097A8}
	EndGlobalSection
EndGlobal
